// !$*UTF8*$!
{
	archiveVersion = 1;
	classes = {
	};
	objectVersion = 50;
	objects = {

/* Begin PBXBuildFile section */
		430935E724894EEA00B9FD4F /* AppDelegate.swift in Sources */ = {isa = PBXBuildFile; fileRef = 430935E624894EEA00B9FD4F /* AppDelegate.swift */; };
		430935EB24894EEA00B9FD4F /* EditorViewController.swift in Sources */ = {isa = PBXBuildFile; fileRef = 430935EA24894EEA00B9FD4F /* EditorViewController.swift */; };
		430935EE24894EEA00B9FD4F /* Main.storyboard in Resources */ = {isa = PBXBuildFile; fileRef = 430935EC24894EEA00B9FD4F /* Main.storyboard */; };
		430935F324894EEB00B9FD4F /* LaunchScreen.storyboard in Resources */ = {isa = PBXBuildFile; fileRef = 430935F124894EEB00B9FD4F /* LaunchScreen.storyboard */; };
		430935FB24894FF100B9FD4F /* Assets.xcassets in Resources */ = {isa = PBXBuildFile; fileRef = 430935FA24894FF100B9FD4F /* Assets.xcassets */; };
		430935FD2489644C00B9FD4F /* impact.ttf in Resources */ = {isa = PBXBuildFile; fileRef = 430935FC2489644C00B9FD4F /* impact.ttf */; };
		430935FF2489650500B9FD4F /* Meme.swift in Sources */ = {isa = PBXBuildFile; fileRef = 430935FE2489650500B9FD4F /* Meme.swift */; };
		43227413249A9E1200A7118C /* SentMemesTableViewController.swift in Sources */ = {isa = PBXBuildFile; fileRef = 43227412249A9E1200A7118C /* SentMemesTableViewController.swift */; };
		43227415249A9E3500A7118C /* SentMemesCollectionViewController.swift in Sources */ = {isa = PBXBuildFile; fileRef = 43227414249A9E3500A7118C /* SentMemesCollectionViewController.swift */; };
		43227418249A9E7600A7118C /* MemesTableViewCell.swift in Sources */ = {isa = PBXBuildFile; fileRef = 43227417249A9E7600A7118C /* MemesTableViewCell.swift */; };
		4322741A249A9E8A00A7118C /* MemesCollectionViewCell.swift in Sources */ = {isa = PBXBuildFile; fileRef = 43227419249A9E8A00A7118C /* MemesCollectionViewCell.swift */; };
		4322741C249AB05600A7118C /* MemesDetailViewController.swift in Sources */ = {isa = PBXBuildFile; fileRef = 4322741B249AB05600A7118C /* MemesDetailViewController.swift */; };
/* End PBXBuildFile section */

/* Begin PBXFileReference section */
		430935E324894EEA00B9FD4F /* MemeMe 2.0.app */ = {isa = PBXFileReference; explicitFileType = wrapper.application; includeInIndex = 0; path = "MemeMe 2.0.app"; sourceTree = BUILT_PRODUCTS_DIR; };
		430935E624894EEA00B9FD4F /* AppDelegate.swift */ = {isa = PBXFileReference; lastKnownFileType = sourcecode.swift; path = AppDelegate.swift; sourceTree = "<group>"; };
		430935EA24894EEA00B9FD4F /* EditorViewController.swift */ = {isa = PBXFileReference; lastKnownFileType = sourcecode.swift; path = EditorViewController.swift; sourceTree = "<group>"; };
		430935ED24894EEA00B9FD4F /* Base */ = {isa = PBXFileReference; lastKnownFileType = file.storyboard; name = Base; path = Base.lproj/Main.storyboard; sourceTree = "<group>"; };
		430935F224894EEB00B9FD4F /* Base */ = {isa = PBXFileReference; lastKnownFileType = file.storyboard; name = Base; path = Base.lproj/LaunchScreen.storyboard; sourceTree = "<group>"; };
		430935F424894EEB00B9FD4F /* Info.plist */ = {isa = PBXFileReference; lastKnownFileType = text.plist.xml; path = Info.plist; sourceTree = "<group>"; };
		430935FA24894FF100B9FD4F /* Assets.xcassets */ = {isa = PBXFileReference; lastKnownFileType = folder.assetcatalog; path = Assets.xcassets; sourceTree = "<group>"; };
		430935FC2489644C00B9FD4F /* impact.ttf */ = {isa = PBXFileReference; lastKnownFileType = file; path = impact.ttf; sourceTree = "<group>"; };
		430935FE2489650500B9FD4F /* Meme.swift */ = {isa = PBXFileReference; lastKnownFileType = sourcecode.swift; path = Meme.swift; sourceTree = "<group>"; };
		43227412249A9E1200A7118C /* SentMemesTableViewController.swift */ = {isa = PBXFileReference; lastKnownFileType = sourcecode.swift; path = SentMemesTableViewController.swift; sourceTree = "<group>"; };
		43227414249A9E3500A7118C /* SentMemesCollectionViewController.swift */ = {isa = PBXFileReference; lastKnownFileType = sourcecode.swift; path = SentMemesCollectionViewController.swift; sourceTree = "<group>"; };
		43227417249A9E7600A7118C /* MemesTableViewCell.swift */ = {isa = PBXFileReference; lastKnownFileType = sourcecode.swift; path = MemesTableViewCell.swift; sourceTree = "<group>"; };
		43227419249A9E8A00A7118C /* MemesCollectionViewCell.swift */ = {isa = PBXFileReference; lastKnownFileType = sourcecode.swift; path = MemesCollectionViewCell.swift; sourceTree = "<group>"; };
		4322741B249AB05600A7118C /* MemesDetailViewController.swift */ = {isa = PBXFileReference; lastKnownFileType = sourcecode.swift; path = MemesDetailViewController.swift; sourceTree = "<group>"; };
/* End PBXFileReference section */

/* Begin PBXFrameworksBuildPhase section */
		430935E024894EEA00B9FD4F /* Frameworks */ = {
			isa = PBXFrameworksBuildPhase;
			buildActionMask = 2147483647;
			files = (
			);
			runOnlyForDeploymentPostprocessing = 0;
		};
/* End PBXFrameworksBuildPhase section */

/* Begin PBXGroup section */
		430935DA24894EEA00B9FD4F = {
			isa = PBXGroup;
			children = (
				430935E524894EEA00B9FD4F /* MemeMe 2.0 */,
				430935E424894EEA00B9FD4F /* Products */,
			);
			sourceTree = "<group>";
		};
		430935E424894EEA00B9FD4F /* Products */ = {
			isa = PBXGroup;
			children = (
				430935E324894EEA00B9FD4F /* MemeMe 2.0.app */,
			);
			name = Products;
			sourceTree = "<group>";
		};
		430935E524894EEA00B9FD4F /* MemeMe 2.0 */ = {
			isa = PBXGroup;
			children = (
				43227416249A9E6600A7118C /* Cells */,
				430935E624894EEA00B9FD4F /* AppDelegate.swift */,
				43227412249A9E1200A7118C /* SentMemesTableViewController.swift */,
				43227414249A9E3500A7118C /* SentMemesCollectionViewController.swift */,
				4322741B249AB05600A7118C /* MemesDetailViewController.swift */,
				430935EA24894EEA00B9FD4F /* EditorViewController.swift */,
				430935FE2489650500B9FD4F /* Meme.swift */,
				430935EC24894EEA00B9FD4F /* Main.storyboard */,
				430935F124894EEB00B9FD4F /* LaunchScreen.storyboard */,
				430935FA24894FF100B9FD4F /* Assets.xcassets */,
				430935F424894EEB00B9FD4F /* Info.plist */,
				430935FC2489644C00B9FD4F /* impact.ttf */,
			);
			path = "MemeMe 2.0";
			sourceTree = "<group>";
		};
		43227416249A9E6600A7118C /* Cells */ = {
			isa = PBXGroup;
			children = (
				43227417249A9E7600A7118C /* MemesTableViewCell.swift */,
				43227419249A9E8A00A7118C /* MemesCollectionViewCell.swift */,
			);
			path = Cells;
			sourceTree = "<group>";
		};
/* End PBXGroup section */

/* Begin PBXNativeTarget section */
		430935E224894EEA00B9FD4F /* MemeMe 2.0 */ = {
			isa = PBXNativeTarget;
			buildConfigurationList = 430935F724894EEB00B9FD4F /* Build configuration list for PBXNativeTarget "MemeMe 2.0" */;
			buildPhases = (
				430935DF24894EEA00B9FD4F /* Sources */,
				430935E024894EEA00B9FD4F /* Frameworks */,
				430935E124894EEA00B9FD4F /* Resources */,
			);
			buildRules = (
			);
			dependencies = (
			);
			name = "MemeMe 2.0";
			productName = "MemeMe 1.0";
			productReference = 430935E324894EEA00B9FD4F /* MemeMe 2.0.app */;
			productType = "com.apple.product-type.application";
		};
/* End PBXNativeTarget section */

/* Begin PBXProject section */
		430935DB24894EEA00B9FD4F /* Project object */ = {
			isa = PBXProject;
			attributes = {
				LastSwiftUpdateCheck = 1150;
				LastUpgradeCheck = 1150;
				ORGANIZATIONNAME = "Kemal Kaynak";
				TargetAttributes = {
					430935E224894EEA00B9FD4F = {
						CreatedOnToolsVersion = 11.5;
					};
				};
			};
			buildConfigurationList = 430935DE24894EEA00B9FD4F /* Build configuration list for PBXProject "MemeMe 2.0" */;
			compatibilityVersion = "Xcode 9.3";
			developmentRegion = en;
			hasScannedForEncodings = 0;
			knownRegions = (
				en,
				Base,
			);
			mainGroup = 430935DA24894EEA00B9FD4F;
			productRefGroup = 430935E424894EEA00B9FD4F /* Products */;
			projectDirPath = "";
			projectRoot = "";
			targets = (
				430935E224894EEA00B9FD4F /* MemeMe 2.0 */,
			);
		};
/* End PBXProject section */

/* Begin PBXResourcesBuildPhase section */
		430935E124894EEA00B9FD4F /* Resources */ = {
			isa = PBXResourcesBuildPhase;
			buildActionMask = 2147483647;
			files = (
				430935FD2489644C00B9FD4F /* impact.ttf in Resources */,
				430935F324894EEB00B9FD4F /* LaunchScreen.storyboard in Resources */,
				430935FB24894FF100B9FD4F /* Assets.xcassets in Resources */,
				430935EE24894EEA00B9FD4F /* Main.storyboard in Resources */,
			);
			runOnlyForDeploymentPostprocessing = 0;
		};
/* End PBXResourcesBuildPhase section */

/* Begin PBXSourcesBuildPhase section */
		430935DF24894EEA00B9FD4F /* Sources */ = {
			isa = PBXSourcesBuildPhase;
			buildActionMask = 2147483647;
			files = (
				4322741A249A9E8A00A7118C /* MemesCollectionViewCell.swift in Sources */,
				430935FF2489650500B9FD4F /* Meme.swift in Sources */,
				43227413249A9E1200A7118C /* SentMemesTableViewController.swift in Sources */,
				4322741C249AB05600A7118C /* MemesDetailViewController.swift in Sources */,
				43227415249A9E3500A7118C /* SentMemesCollectionViewController.swift in Sources */,
				43227418249A9E7600A7118C /* MemesTableViewCell.swift in Sources */,
				430935EB24894EEA00B9FD4F /* EditorViewController.swift in Sources */,
				430935E724894EEA00B9FD4F /* AppDelegate.swift in Sources */,
			);
			runOnlyForDeploymentPostprocessing = 0;
		};
/* End PBXSourcesBuildPhase section */

/* Begin PBXVariantGroup section */
		430935EC24894EEA00B9FD4F /* Main.storyboard */ = {
			isa = PBXVariantGroup;
			children = (
				430935ED24894EEA00B9FD4F /* Base */,
			);
			name = Main.storyboard;
			sourceTree = "<group>";
		};
		430935F124894EEB00B9FD4F /* LaunchScreen.storyboard */ = {
			isa = PBXVariantGroup;
			children = (
				430935F224894EEB00B9FD4F /* Base */,
			);
			name = LaunchScreen.storyboard;
			sourceTree = "<group>";
		};
/* End PBXVariantGroup section */

/* Begin XCBuildConfiguration section */
		430935F524894EEB00B9FD4F /* Debug */ = {
			isa = XCBuildConfiguration;
			buildSettings = {
				ALWAYS_SEARCH_USER_PATHS = NO;
				CLANG_ANALYZER_NONNULL = YES;
				CLANG_ANALYZER_NUMBER_OBJECT_CONVERSION = YES_AGGRESSIVE;
				CLANG_CXX_LANGUAGE_STANDARD = "gnu++14";
				CLANG_CXX_LIBRARY = "libc++";
				CLANG_ENABLE_MODULES = YES;
				CLANG_ENABLE_OBJC_ARC = YES;
				CLANG_ENABLE_OBJC_WEAK = YES;
				CLANG_WARN_BLOCK_CAPTURE_AUTORELEASING = YES;
				CLANG_WARN_BOOL_CONVERSION = YES;
				CLANG_WARN_COMMA = YES;
				CLANG_WARN_CONSTANT_CONVERSION = YES;
				CLANG_WARN_DEPRECATED_OBJC_IMPLEMENTATIONS = YES;
				CLANG_WARN_DIRECT_OBJC_ISA_USAGE = YES_ERROR;
				CLANG_WARN_DOCUMENTATION_COMMENTS = YES;
				CLANG_WARN_EMPTY_BODY = YES;
				CLANG_WARN_ENUM_CONVERSION = YES;
				CLANG_WARN_INFINITE_RECURSION = YES;
				CLANG_WARN_INT_CONVERSION = YES;
				CLANG_WARN_NON_LITERAL_NULL_CONVERSION = YES;
				CLANG_WARN_OBJC_IMPLICIT_RETAIN_SELF = YES;
				CLANG_WARN_OBJC_LITERAL_CONVERSION = YES;
				CLANG_WARN_OBJC_ROOT_CLASS = YES_ERROR;
				CLANG_WARN_RANGE_LOOP_ANALYSIS = YES;
				CLANG_WARN_STRICT_PROTOTYPES = YES;
				CLANG_WARN_SUSPICIOUS_MOVE = YES;
				CLANG_WARN_UNGUARDED_AVAILABILITY = YES_AGGRESSIVE;
				CLANG_WARN_UNREACHABLE_CODE = YES;
				CLANG_WARN__DUPLICATE_METHOD_MATCH = YES;
				COPY_PHASE_STRIP = NO;
				DEBUG_INFORMATION_FORMAT = dwarf;
				ENABLE_STRICT_OBJC_MSGSEND = YES;
				ENABLE_TESTABILITY = YES;
				GCC_C_LANGUAGE_STANDARD = gnu11;
				GCC_DYNAMIC_NO_PIC = NO;
				GCC_NO_COMMON_BLOCKS = YES;
				GCC_OPTIMIZATION_LEVEL = 0;
				GCC_PREPROCESSOR_DEFINITIONS = (
					"DEBUG=1",
					"$(inherited)",
				);
				GCC_WARN_64_TO_32_BIT_CONVERSION = YES;
				GCC_WARN_ABOUT_RETURN_TYPE = YES_ERROR;
				GCC_WARN_UNDECLARED_SELECTOR = YES;
				GCC_WARN_UNINITIALIZED_AUTOS = YES_AGGRESSIVE;
				GCC_WARN_UNUSED_FUNCTION = YES;
				GCC_WARN_UNUSED_VARIABLE = YES;
				IPHONEOS_DEPLOYMENT_TARGET = 13.5;
				MTL_ENABLE_DEBUG_INFO = INCLUDE_SOURCE;
				MTL_FAST_MATH = YES;
				ONLY_ACTIVE_ARCH = YES;
				SDKROOT = iphoneos;
				SWIFT_ACTIVE_COMPILATION_CONDITIONS = DEBUG;
				SWIFT_OPTIMIZATION_LEVEL = "-Onone";
			};
			name = Debug;
		};
		430935F624894EEB00B9FD4F /* Release */ = {
			isa = XCBuildConfiguration;
			buildSettings = {
				ALWAYS_SEARCH_USER_PATHS = NO;
				CLANG_ANALYZER_NONNULL = YES;
				CLANG_ANALYZER_NUMBER_OBJECT_CONVERSION = YES_AGGRESSIVE;
				CLANG_CXX_LANGUAGE_STANDARD = "gnu++14";
				CLANG_CXX_LIBRARY = "libc++";
				CLANG_ENABLE_MODULES = YES;
				CLANG_ENABLE_OBJC_ARC = YES;
				CLANG_ENABLE_OBJC_WEAK = YES;
				CLANG_WARN_BLOCK_CAPTURE_AUTORELEASING = YES;
				CLANG_WARN_BOOL_CONVERSION = YES;
				CLANG_WARN_COMMA = YES;
				CLANG_WARN_CONSTANT_CONVERSION = YES;
				CLANG_WARN_DEPRECATED_OBJC_IMPLEMENTATIONS = YES;
				CLANG_WARN_DIRECT_OBJC_ISA_USAGE = YES_ERROR;
				CLANG_WARN_DOCUMENTATION_COMMENTS = YES;
				CLANG_WARN_EMPTY_BODY = YES;
				CLANG_WARN_ENUM_CONVERSION = YES;
				CLANG_WARN_INFINITE_RECURSION = YES;
				CLANG_WARN_INT_CONVERSION = YES;
				CLANG_WARN_NON_LITERAL_NULL_CONVERSION = YES;
				CLANG_WARN_OBJC_IMPLICIT_RETAIN_SELF = YES;
				CLANG_WARN_OBJC_LITERAL_CONVERSION = YES;
				CLANG_WARN_OBJC_ROOT_CLASS = YES_ERROR;
				CLANG_WARN_RANGE_LOOP_ANALYSIS = YES;
				CLANG_WARN_STRICT_PROTOTYPES = YES;
				CLANG_WARN_SUSPICIOUS_MOVE = YES;
				CLANG_WARN_UNGUARDED_AVAILABILITY = YES_AGGRESSIVE;
				CLANG_WARN_UNREACHABLE_CODE = YES;
				CLANG_WARN__DUPLICATE_METHOD_MATCH = YES;
				COPY_PHASE_STRIP = NO;
				DEBUG_INFORMATION_FORMAT = "dwarf-with-dsym";
				ENABLE_NS_ASSERTIONS = NO;
				ENABLE_STRICT_OBJC_MSGSEND = YES;
				GCC_C_LANGUAGE_STANDARD = gnu11;
				GCC_NO_COMMON_BLOCKS = YES;
				GCC_WARN_64_TO_32_BIT_CONVERSION = YES;
				GCC_WARN_ABOUT_RETURN_TYPE = YES_ERROR;
				GCC_WARN_UNDECLARED_SELECTOR = YES;
				GCC_WARN_UNINITIALIZED_AUTOS = YES_AGGRESSIVE;
				GCC_WARN_UNUSED_FUNCTION = YES;
				GCC_WARN_UNUSED_VARIABLE = YES;
				IPHONEOS_DEPLOYMENT_TARGET = 13.5;
				MTL_ENABLE_DEBUG_INFO = NO;
				MTL_FAST_MATH = YES;
				SDKROOT = iphoneos;
				SWIFT_COMPILATION_MODE = wholemodule;
				SWIFT_OPTIMIZATION_LEVEL = "-O";
				VALIDATE_PRODUCT = YES;
			};
			name = Release;
		};
		430935F824894EEB00B9FD4F /* Debug */ = {
			isa = XCBuildConfiguration;
			buildSettings = {
				ASSETCATALOG_COMPILER_APPICON_NAME = AppIcon;
				CODE_SIGN_STYLE = Automatic;
				DEVELOPMENT_TEAM = 2Y7J9CE4J7;
				INFOPLIST_FILE = "MemeMe 2.0/Info.plist";
				LD_RUNPATH_SEARCH_PATHS = (
					"$(inherited)",
					"@executable_path/Frameworks",
				);
				PRODUCT_BUNDLE_IDENTIFIER = "com.kcankaynak.MemeMe-2-0";
				PRODUCT_NAME = "$(TARGET_NAME)";
				SWIFT_VERSION = 5.0;
				TARGETED_DEVICE_FAMILY = 1;
			};
			name = Debug;
		};
		430935F924894EEB00B9FD4F /* Release */ = {
			isa = XCBuildConfiguration;
			buildSettings = {
				ASSETCATALOG_COMPILER_APPICON_NAME = AppIcon;
				CODE_SIGN_STYLE = Automatic;
				DEVELOPMENT_TEAM = 2Y7J9CE4J7;
				INFOPLIST_FILE = "MemeMe 2.0/Info.plist";
				LD_RUNPATH_SEARCH_PATHS = (
					"$(inherited)",
					"@executable_path/Frameworks",
				);
				PRODUCT_BUNDLE_IDENTIFIER = "com.kcankaynak.MemeMe-2-0";
				PRODUCT_NAME = "$(TARGET_NAME)";
				SWIFT_VERSION = 5.0;
				TARGETED_DEVICE_FAMILY = 1;
			};
			name = Release;
		};
/* End XCBuildConfiguration section */

/* Begin XCConfigurationList section */
		430935DE24894EEA00B9FD4F /* Build configuration list for PBXProject "MemeMe 2.0" */ = {
			isa = XCConfigurationList;
			buildConfigurations = (
				430935F524894EEB00B9FD4F /* Debug */,
				430935F624894EEB00B9FD4F /* Release */,
			);
			defaultConfigurationIsVisible = 0;
			defaultConfigurationName = Release;
		};
		430935F724894EEB00B9FD4F /* Build configuration list for PBXNativeTarget "MemeMe 2.0" */ = {
			isa = XCConfigurationList;
			buildConfigurations = (
				430935F824894EEB00B9FD4F /* Debug */,
				430935F924894EEB00B9FD4F /* Release */,
			);
			defaultConfigurationIsVisible = 0;
			defaultConfigurationName = Release;
		};
/* End XCConfigurationList section */
	};
	rootObject = 430935DB24894EEA00B9FD4F /* Project object */;
}
